%{
  "stream_data": {:hex, :stream_data, "1.4.0", "026f929db613aabea6208012ae9b8970d3fd5f88b3bdf26831bc536f98c42036", [:mix], [], "hexpm", "2b0ee3a340dcce1c8cf6302a763ee757d1e01c54d6e16d9069062509d68b1dc9"},
  "telemetry": {:hex, :telemetry, "1.4.2", "a0cb522801dffb1c49fe6e30561badffc7b6d0e180db1300df759faa22062855", [:rebar3], [], "hexpm", "928f6495066506077862c0d1646609eed891a4326bee3126ba54b60af61febb1"},
  "toon_ex": {:hex, :toon_ex, "1.7.0", "ea97474cbc045286804f81f08b89bba8ac30cd74aaeae3b88b16a4b5bf0c1a04", [:mix], [], "hexpm", "429fac708752a042f0ceab08dc51273af94465c7cd0e27e2f49d085df13d1fd5"},
}
